
Microsoft Visual Studio Solution File, Format Version 12.00
# Visual Studio Version 17
VisualStudioVersion = 17.14.36603.0 d17.14
MinimumVisualStudioVersion = 10.0.40219.1
Project("{FAE04EC0-301F-11D3-BF4B-00C04F79EFBC}") = "BusManagement", "BusManagement.csproj", "{C065F0C3-85EA-41F0-839B-8F5D487E18A3}"
EndProject
Global
	GlobalSection(SolutionConfigurationPlatforms) = preSolution
		Debug|Any CPU = Debug|Any CPU
		Release|Any CPU = Release|Any CPU
	EndGlobalSection
	GlobalSection(ProjectConfigurationPlatforms) = postSolution
		{C065F0C3-85EA-41F0-839B-8F5D487E18A3}.Debug|Any CPU.ActiveCfg = Debug|Any CPU
		{C065F0C3-85EA-41F0-839B-8F5D487E18A3}.Debug|Any CPU.Build.0 = Debug|Any CPU
		{C065F0C3-85EA-41F0-839B-8F5D487E18A3}.Release|Any CPU.ActiveCfg = Release|Any CPU
		{C065F0C3-85EA-41F0-839B-8F5D487E18A3}.Release|Any CPU.Build.0 = Release|Any CPU
	EndGlobalSection
	GlobalSection(SolutionProperties) = preSolution
		HideSolutionNode = FALSE
	EndGlobalSection
	GlobalSection(ExtensibilityGlobals) = postSolution
		SolutionGuid = {1ECE46D2-8E61-434D-93D8-3363779DA359}
	EndGlobalSection
EndGlobal
